
Microsoft Visual Studio Solution File, Format Version 12.00
# Visual Studio Version 17
VisualStudioVersion = 17.5.33502.453
MinimumVisualStudioVersion = 10.0.40219.1
Project("{FAE04EC0-301F-11D3-BF4B-00C04F79EFBC}") = "Task01", "Task01\Task01.csproj", "{86634CB5-9C87-470A-A653-42CBEB942B33}"
EndProject
Global
	GlobalSection(SolutionConfigurationPlatforms) = preSolution
		Debug|Any CPU = Debug|Any CPU
		Release|Any CPU = Release|Any CPU
	EndGlobalSection
	GlobalSection(ProjectConfigurationPlatforms) = postSolution
		{86634CB5-9C87-470A-A653-42CBEB942B33}.Debug|Any CPU.ActiveCfg = Debug|Any CPU
		{86634CB5-9C87-470A-A653-42CBEB942B33}.Debug|Any CPU.Build.0 = Debug|Any CPU
		{86634CB5-9C87-470A-A653-42CBEB942B33}.Release|Any CPU.ActiveCfg = Release|Any CPU
		{86634CB5-9C87-470A-A653-42CBEB942B33}.Release|Any CPU.Build.0 = Release|Any CPU
	EndGlobalSection
	GlobalSection(SolutionProperties) = preSolution
		HideSolutionNode = FALSE
	EndGlobalSection
	GlobalSection(ExtensibilityGlobals) = postSolution
		SolutionGuid = {AB28EBC5-6A39-4F4C-8D14-7967DE3962C5}
	EndGlobalSection
EndGlobal
